// !$*UTF8*$!
{
	archiveVersion = 1;
	classes = {
	};
	objectVersion = 77;
	objects = {

/* Begin PBXContainerItemProxy section */
		92D3C0192F3F7E1200B9E78D /* PBXContainerItemProxy */ = {
			isa = PBXContainerItemProxy;
			containerPortal = 92D3C0032F3F7E0D00B9E78D /* Project object */;
			proxyType = 1;
			remoteGlobalIDString = 92D3C00A2F3F7E0D00B9E78D;
			remoteInfo = WoltVenueFinder;
		};
		92D3C0232F3F7E1200B9E78D /* PBXContainerItemProxy */ = {
			isa = PBXContainerItemProxy;
			containerPortal = 92D3C0032F3F7E0D00B9E78D /* Project object */;
			proxyType = 1;
			remoteGlobalIDString = 92D3C00A2F3F7E0D00B9E78D;
			remoteInfo = WoltVenueFinder;
		};
/* End PBXContainerItemProxy section */

/* Begin PBXFileReference section */
		92D3C00B2F3F7E0D00B9E78D /* WoltVenueFinder.app */ = {isa = PBXFileReference; explicitFileType = wrapper.application; includeInIndex = 0; path = WoltVenueFinder.app; sourceTree = BUILT_PRODUCTS_DIR; };
		92D3C0182F3F7E1200B9E78D /* WoltVenueFinderTests.xctest */ = {isa = PBXFileReference; explicitFileType = wrapper.cfbundle; includeInIndex = 0; path = WoltVenueFinderTests.xctest; sourceTree = BUILT_PRODUCTS_DIR; };
		92D3C0222F3F7E1200B9E78D /* WoltVenueFinderUITests.xctest */ = {isa = PBXFileReference; explicitFileType = wrapper.cfbundle; includeInIndex = 0; path = WoltVenueFinderUITests.xctest; sourceTree = BUILT_PRODUCTS_DIR; };
/* End PBXFileReference section */

/* Begin PBXFileSystemSynchronizedRootGroup section */
		92D3C00D2F3F7E0D00B9E78D /* WoltVenueFinder */ = {
			isa = PBXFileSystemSynchronizedRootGroup;
			path = WoltVenueFinder;
			sourceTree = "<group>";
		};
		92D3C01B2F3F7E1200B9E78D /* WoltVenueFinderTests */ = {
			isa = PBXFileSystemSynchronizedRootGroup;
			path = WoltVenueFinderTests;
			sourceTree = "<group>";
		};
		92D3C0252F3F7E1200B9E78D /* WoltVenueFinderUITests */ = {
			isa = PBXFileSystemSynchronizedRootGroup;
			path = WoltVenueFinderUITests;
			sourceTree = "<group>";
		};
/* End PBXFileSystemSynchronizedRootGroup section */

/* Begin PBXFrameworksBuildPhase section */
		92D3C0082F3F7E0D00B9E78D /* Frameworks */ = {
			isa = PBXFrameworksBuildPhase;
			buildActionMask = 2147483647;
			files = (
			);
			runOnlyForDeploymentPostprocessing = 0;
		};
		92D3C0152F3F7E1200B9E78D /* Frameworks */ = {
			isa = PBXFrameworksBuildPhase;
			buildActionMask = 2147483647;
			files = (
			);
			runOnlyForDeploymentPostprocessing = 0;
		};
		92D3C01F2F3F7E1200B9E78D /* Frameworks */ = {
			isa = PBXFrameworksBuildPhase;
			buildActionMask = 2147483647;
			files = (
			);
			runOnlyForDeploymentPostprocessing = 0;
		};
/* End PBXFrameworksBuildPhase section */

/* Begin PBXGroup section */
		92D3C0022F3F7E0D00B9E78D = {
			isa = PBXGroup;
			children = (
				92D3C00D2F3F7E0D00B9E78D /* WoltVenueFinder */,
				92D3C01B2F3F7E1200B9E78D /* WoltVenueFinderTests */,
				92D3C0252F3F7E1200B9E78D /* WoltVenueFinderUITests */,
				92D3C00C2F3F7E0D00B9E78D /* Products */,
			);
			sourceTree = "<group>";
		};
		92D3C00C2F3F7E0D00B9E78D /* Products */ = {
			isa = PBXGroup;
			children = (
				92D3C00B2F3F7E0D00B9E78D /* WoltVenueFinder.app */,
				92D3C0182F3F7E1200B9E78D /* WoltVenueFinderTests.xctest */,
				92D3C0222F3F7E1200B9E78D /* WoltVenueFinderUITests.xctest */,
			);
			name = Products;
			sourceTree = "<group>";
		};
/* End PBXGroup section */

/* Begin PBXNativeTarget section */
		92D3C00A2F3F7E0D00B9E78D /* WoltVenueFinder */ = {
			isa = PBXNativeTarget;
			buildConfigurationList = 92D3C02C2F3F7E1200B9E78D /* Build configuration list for PBXNativeTarget "WoltVenueFinder" */;
			buildPhases = (
				92D3C0072F3F7E0D00B9E78D /* Sources */,
				92D3C0082F3F7E0D00B9E78D /* Frameworks */,
				92D3C0092F3F7E0D00B9E78D /* Resources */,
			);
			buildRules = (
			);
			dependencies = (
			);
			fileSystemSynchronizedGroups = (
				92D3C00D2F3F7E0D00B9E78D /* WoltVenueFinder */,
			);
			name = WoltVenueFinder;
			packageProductDependencies = (
			);
			productName = WoltVenueFinder;
			productReference = 92D3C00B2F3F7E0D00B9E78D /* WoltVenueFinder.app */;
			productType = "com.apple.product-type.application";
		};
		92D3C0172F3F7E1200B9E78D /* WoltVenueFinderTests */ = {
			isa = PBXNativeTarget;
			buildConfigurationList = 92D3C02F2F3F7E1200B9E78D /* Build configuration list for PBXNativeTarget "WoltVenueFinderTests" */;
			buildPhases = (
				92D3C0142F3F7E1200B9E78D /* Sources */,
				92D3C0152F3F7E1200B9E78D /* Frameworks */,
				92D3C0162F3F7E1200B9E78D /* Resources */,
			);
			buildRules = (
			);
			dependencies = (
				92D3C01A2F3F7E1200B9E78D /* PBXTargetDependency */,
			);
			fileSystemSynchronizedGroups = (
				92D3C01B2F3F7E1200B9E78D /* WoltVenueFinderTests */,
			);
			name = WoltVenueFinderTests;
			packageProductDependencies = (
			);
			productName = WoltVenueFinderTests;
			productReference = 92D3C0182F3F7E1200B9E78D /* WoltVenueFinderTests.xctest */;
			productType = "com.apple.product-type.bundle.unit-test";
		};
		92D3C0212F3F7E1200B9E78D /* WoltVenueFinderUITests */ = {
			isa = PBXNativeTarget;
			buildConfigurationList = 92D3C0322F3F7E1200B9E78D /* Build configuration list for PBXNativeTarget "WoltVenueFinderUITests" */;
			buildPhases = (
				92D3C01E2F3F7E1200B9E78D /* Sources */,
				92D3C01F2F3F7E1200B9E78D /* Frameworks */,
				92D3C0202F3F7E1200B9E78D /* Resources */,
			);
			buildRules = (
			);
			dependencies = (
				92D3C0242F3F7E1200B9E78D /* PBXTargetDependency */,
			);
			fileSystemSynchronizedGroups = (
				92D3C0252F3F7E1200B9E78D /* WoltVenueFinderUITests */,
			);
			name = WoltVenueFinderUITests;
			packageProductDependencies = (
			);
			productName = WoltVenueFinderUITests;
			productReference = 92D3C0222F3F7E1200B9E78D /* WoltVenueFinderUITests.xctest */;
			productType = "com.apple.product-type.bundle.ui-testing";
		};
/* End PBXNativeTarget section */

/* Begin PBXProject section */
		92D3C0032F3F7E0D00B9E78D /* Project object */ = {
			isa = PBXProject;
			attributes = {
				BuildIndependentTargetsInParallel = 1;
				LastSwiftUpdateCheck = 2630;
				LastUpgradeCheck = 2630;
				TargetAttributes = {
					92D3C00A2F3F7E0D00B9E78D = {
						CreatedOnToolsVersion = 26.3;
					};
					92D3C0172F3F7E1200B9E78D = {
						CreatedOnToolsVersion = 26.3;
						TestTargetID = 92D3C00A2F3F7E0D00B9E78D;
					};
					92D3C0212F3F7E1200B9E78D = {
						CreatedOnToolsVersion = 26.3;
						TestTargetID = 92D3C00A2F3F7E0D00B9E78D;
					};
				};
			};
			buildConfigurationList = 92D3C0062F3F7E0D00B9E78D /* Build configuration list for PBXProject "WoltVenueFinder" */;
			developmentRegion = en;
			hasScannedForEncodings = 0;
			knownRegions = (
				en,
				Base,
			);
			mainGroup = 92D3C0022F3F7E0D00B9E78D;
			minimizedProjectReferenceProxies = 1;
			preferredProjectObjectVersion = 77;
			productRefGroup = 92D3C00C2F3F7E0D00B9E78D /* Products */;
			projectDirPath = "";
			projectRoot = "";
			targets = (
				92D3C00A2F3F7E0D00B9E78D /* WoltVenueFinder */,
				92D3C0172F3F7E1200B9E78D /* WoltVenueFinderTests */,
				92D3C0212F3F7E1200B9E78D /* WoltVenueFinderUITests */,
			);
		};
/* End PBXProject section */

/* Begin PBXResourcesBuildPhase section */
		92D3C0092F3F7E0D00B9E78D /* Resources */ = {
			isa = PBXResourcesBuildPhase;
			buildActionMask = 2147483647;
			files = (
			);
			runOnlyForDeploymentPostprocessing = 0;
		};
		92D3C0162F3F7E1200B9E78D /* Resources */ = {
			isa = PBXResourcesBuildPhase;
			buildActionMask = 2147483647;
			files = (
			);
			runOnlyForDeploymentPostprocessing = 0;
		};
		92D3C0202F3F7E1200B9E78D /* Resources */ = {
			isa = PBXResourcesBuildPhase;
			buildActionMask = 2147483647;
			files = (
			);
			runOnlyForDeploymentPostprocessing = 0;
		};
/* End PBXResourcesBuildPhase section */

/* Begin PBXSourcesBuildPhase section */
		92D3C0072F3F7E0D00B9E78D /* Sources */ = {
			isa = PBXSourcesBuildPhase;
			buildActionMask = 2147483647;
			files = (
			);
			runOnlyForDeploymentPostprocessing = 0;
		};
		92D3C0142F3F7E1200B9E78D /* Sources */ = {
			isa = PBXSourcesBuildPhase;
			buildActionMask = 2147483647;
			files = (
			);
			runOnlyForDeploymentPostprocessing = 0;
		};
		92D3C01E2F3F7E1200B9E78D /* Sources */ = {
			isa = PBXSourcesBuildPhase;
			buildActionMask = 2147483647;
			files = (
			);
			runOnlyForDeploymentPostprocessing = 0;
		};
/* End PBXSourcesBuildPhase section */

/* Begin PBXTargetDependency section */
		92D3C01A2F3F7E1200B9E78D /* PBXTargetDependency */ = {
			isa = PBXTargetDependency;
			target = 92D3C00A2F3F7E0D00B9E78D /* WoltVenueFinder */;
			targetProxy = 92D3C0192F3F7E1200B9E78D /* PBXContainerItemProxy */;
		};
		92D3C0242F3F7E1200B9E78D /* PBXTargetDependency */ = {
			isa = PBXTargetDependency;
			target = 92D3C00A2F3F7E0D00B9E78D /* WoltVenueFinder */;
			targetProxy = 92D3C0232F3F7E1200B9E78D /* PBXContainerItemProxy */;
		};
/* End PBXTargetDependency section */

/* Begin XCBuildConfiguration section */
		92D3C02A2F3F7E1200B9E78D /* Debug */ = {
			isa = XCBuildConfiguration;
			buildSettings = {
				ALWAYS_SEARCH_USER_PATHS = NO;
				ASSETCATALOG_COMPILER_GENERATE_SWIFT_ASSET_SYMBOL_EXTENSIONS = YES;
				CLANG_ANALYZER_NONNULL = YES;
				CLANG_ANALYZER_NUMBER_OBJECT_CONVERSION = YES_AGGRESSIVE;
				CLANG_CXX_LANGUAGE_STANDARD = "gnu++20";
				CLANG_ENABLE_MODULES = YES;
				CLANG_ENABLE_OBJC_ARC = YES;
				CLANG_ENABLE_OBJC_WEAK = YES;
				CLANG_WARN_BLOCK_CAPTURE_AUTORELEASING = YES;
				CLANG_WARN_BOOL_CONVERSION = YES;
				CLANG_WARN_COMMA = YES;
				CLANG_WARN_CONSTANT_CONVERSION = YES;
				CLANG_WARN_DEPRECATED_OBJC_IMPLEMENTATIONS = YES;
				CLANG_WARN_DIRECT_OBJC_ISA_USAGE = YES_ERROR;
				CLANG_WARN_DOCUMENTATION_COMMENTS = YES;
				CLANG_WARN_EMPTY_BODY = YES;
				CLANG_WARN_ENUM_CONVERSION = YES;
				CLANG_WARN_INFINITE_RECURSION = YES;
				CLANG_WARN_INT_CONVERSION = YES;
				CLANG_WARN_NON_LITERAL_NULL_CONVERSION = YES;
				CLANG_WARN_OBJC_IMPLICIT_RETAIN_SELF = YES;
				CLANG_WARN_OBJC_LITERAL_CONVERSION = YES;
				CLANG_WARN_OBJC_ROOT_CLASS = YES_ERROR;
				CLANG_WARN_QUOTED_INCLUDE_IN_FRAMEWORK_HEADER = YES;
				CLANG_WARN_RANGE_LOOP_ANALYSIS = YES;
				CLANG_WARN_STRICT_PROTOTYPES = YES;
				CLANG_WARN_SUSPICIOUS_MOVE = YES;
				CLANG_WARN_UNGUARDED_AVAILABILITY = YES_AGGRESSIVE;
				CLANG_WARN_UNREACHABLE_CODE = YES;
				CLANG_WARN__DUPLICATE_METHOD_MATCH = YES;
				COPY_PHASE_STRIP = NO;
				DEBUG_INFORMATION_FORMAT = dwarf;
				DEVELOPMENT_TEAM = T3CB6D9Z7R;
				ENABLE_STRICT_OBJC_MSGSEND = YES;
				ENABLE_TESTABILITY = YES;
				ENABLE_USER_SCRIPT_SANDBOXING = YES;
				GCC_C_LANGUAGE_STANDARD = gnu17;
				GCC_DYNAMIC_NO_PIC = NO;
				GCC_NO_COMMON_BLOCKS = YES;
				GCC_OPTIMIZATION_LEVEL = 0;
				GCC_PREPROCESSOR_DEFINITIONS = (
					"DEBUG=1",
					"$(inherited)",
				);
				GCC_WARN_64_TO_32_BIT_CONVERSION = YES;
				GCC_WARN_ABOUT_RETURN_TYPE = YES_ERROR;
				GCC_WARN_UNDECLARED_SELECTOR = YES;
				GCC_WARN_UNINITIALIZED_AUTOS = YES_AGGRESSIVE;
				GCC_WARN_UNUSED_FUNCTION = YES;
				GCC_WARN_UNUSED_VARIABLE = YES;
				IPHONEOS_DEPLOYMENT_TARGET = 26.2;
				LOCALIZATION_PREFERS_STRING_CATALOGS = YES;
				MTL_ENABLE_DEBUG_INFO = INCLUDE_SOURCE;
				MTL_FAST_MATH = YES;
				ONLY_ACTIVE_ARCH = YES;
				SDKROOT = iphoneos;
				SWIFT_ACTIVE_COMPILATION_CONDITIONS = "DEBUG $(inherited)";
				SWIFT_OPTIMIZATION_LEVEL = "-Onone";
			};
			name = Debug;
		};
		92D3C02B2F3F7E1200B9E78D /* Release */ = {
			isa = XCBuildConfiguration;
			buildSettings = {
				ALWAYS_SEARCH_USER_PATHS = NO;
				ASSETCATALOG_COMPILER_GENERATE_SWIFT_ASSET_SYMBOL_EXTENSIONS = YES;
				CLANG_ANALYZER_NONNULL = YES;
				CLANG_ANALYZER_NUMBER_OBJECT_CONVERSION = YES_AGGRESSIVE;
				CLANG_CXX_LANGUAGE_STANDARD = "gnu++20";
				CLANG_ENABLE_MODULES = YES;
				CLANG_ENABLE_OBJC_ARC = YES;
				CLANG_ENABLE_OBJC_WEAK = YES;
				CLANG_WARN_BLOCK_CAPTURE_AUTORELEASING = YES;
				CLANG_WARN_BOOL_CONVERSION = YES;
				CLANG_WARN_COMMA = YES;
				CLANG_WARN_CONSTANT_CONVERSION = YES;
				CLANG_WARN_DEPRECATED_OBJC_IMPLEMENTATIONS = YES;
				CLANG_WARN_DIRECT_OBJC_ISA_USAGE = YES_ERROR;
				CLANG_WARN_DOCUMENTATION_COMMENTS = YES;
				CLANG_WARN_EMPTY_BODY = YES;
				CLANG_WARN_ENUM_CONVERSION = YES;
				CLANG_WARN_INFINITE_RECURSION = YES;
				CLANG_WARN_INT_CONVERSION = YES;
				CLANG_WARN_NON_LITERAL_NULL_CONVERSION = YES;
				CLANG_WARN_OBJC_IMPLICIT_RETAIN_SELF = YES;
				CLANG_WARN_OBJC_LITERAL_CONVERSION = YES;
				CLANG_WARN_OBJC_ROOT_CLASS = YES_ERROR;
				CLANG_WARN_QUOTED_INCLUDE_IN_FRAMEWORK_HEADER = YES;
				CLANG_WARN_RANGE_LOOP_ANALYSIS = YES;
				CLANG_WARN_STRICT_PROTOTYPES = YES;
				CLANG_WARN_SUSPICIOUS_MOVE = YES;
				CLANG_WARN_UNGUARDED_AVAILABILITY = YES_AGGRESSIVE;
				CLANG_WARN_UNREACHABLE_CODE = YES;
				CLANG_WARN__DUPLICATE_METHOD_MATCH = YES;
				COPY_PHASE_STRIP = NO;
				DEBUG_INFORMATION_FORMAT = "dwarf-with-dsym";
				DEVELOPMENT_TEAM = T3CB6D9Z7R;
				ENABLE_NS_ASSERTIONS = NO;
				ENABLE_STRICT_OBJC_MSGSEND = YES;
				ENABLE_USER_SCRIPT_SANDBOXING = YES;
				GCC_C_LANGUAGE_STANDARD = gnu17;
				GCC_NO_COMMON_BLOCKS = YES;
				GCC_WARN_64_TO_32_BIT_CONVERSION = YES;
				GCC_WARN_ABOUT_RETURN_TYPE = YES_ERROR;
				GCC_WARN_UNDECLARED_SELECTOR = YES;
				GCC_WARN_UNINITIALIZED_AUTOS = YES_AGGRESSIVE;
				GCC_WARN_UNUSED_FUNCTION = YES;
				GCC_WARN_UNUSED_VARIABLE = YES;
				IPHONEOS_DEPLOYMENT_TARGET = 26.2;
				LOCALIZATION_PREFERS_STRING_CATALOGS = YES;
				MTL_ENABLE_DEBUG_INFO = NO;
				MTL_FAST_MATH = YES;
				SDKROOT = iphoneos;
				SWIFT_COMPILATION_MODE = wholemodule;
				VALIDATE_PRODUCT = YES;
			};
			name = Release;
		};
		92D3C02D2F3F7E1200B9E78D /* Debug */ = {
			isa = XCBuildConfiguration;
			buildSettings = {
				ASSETCATALOG_COMPILER_APPICON_NAME = AppIcon;
				ASSETCATALOG_COMPILER_GLOBAL_ACCENT_COLOR_NAME = AccentColor;
				CODE_SIGN_STYLE = Automatic;
				CURRENT_PROJECT_VERSION = 1;
				DEVELOPMENT_TEAM = T3CB6D9Z7R;
				ENABLE_PREVIEWS = YES;
				GENERATE_INFOPLIST_FILE = YES;
				INFOPLIST_KEY_UIApplicationSceneManifest_Generation = YES;
				INFOPLIST_KEY_UIApplicationSupportsIndirectInputEvents = YES;
				INFOPLIST_KEY_UILaunchScreen_Generation = YES;
				INFOPLIST_KEY_UISupportedInterfaceOrientations_iPad = "UIInterfaceOrientationPortrait UIInterfaceOrientationPortraitUpsideDown UIInterfaceOrientationLandscapeLeft UIInterfaceOrientationLandscapeRight";
				INFOPLIST_KEY_UISupportedInterfaceOrientations_iPhone = "UIInterfaceOrientationPortrait UIInterfaceOrientationLandscapeLeft UIInterfaceOrientationLandscapeRight";
				LD_RUNPATH_SEARCH_PATHS = (
					"$(inherited)",
					"@executable_path/Frameworks",
				);
				MARKETING_VERSION = 1.0;
				PRODUCT_BUNDLE_IDENTIFIER = com.sadid.WoltVenueFinder;
				PRODUCT_NAME = "$(TARGET_NAME)";
				STRING_CATALOG_GENERATE_SYMBOLS = YES;
				SWIFT_APPROACHABLE_CONCURRENCY = YES;
				SWIFT_DEFAULT_ACTOR_ISOLATION = MainActor;
				SWIFT_EMIT_LOC_STRINGS = YES;
				SWIFT_UPCOMING_FEATURE_MEMBER_IMPORT_VISIBILITY = YES;
				SWIFT_VERSION = 5.0;
				TARGETED_DEVICE_FAMILY = "1,2";
			};
			name = Debug;
		};
		92D3C02E2F3F7E1200B9E78D /* Release */ = {
			isa = XCBuildConfiguration;
			buildSettings = {
				ASSETCATALOG_COMPILER_APPICON_NAME = AppIcon;
				ASSETCATALOG_COMPILER_GLOBAL_ACCENT_COLOR_NAME = AccentColor;
				CODE_SIGN_STYLE = Automatic;
				CURRENT_PROJECT_VERSION = 1;
				DEVELOPMENT_TEAM = T3CB6D9Z7R;
				ENABLE_PREVIEWS = YES;
				GENERATE_INFOPLIST_FILE = YES;
				INFOPLIST_KEY_UIApplicationSceneManifest_Generation = YES;
				INFOPLIST_KEY_UIApplicationSupportsIndirectInputEvents = YES;
				INFOPLIST_KEY_UILaunchScreen_Generation = YES;
				INFOPLIST_KEY_UISupportedInterfaceOrientations_iPad = "UIInterfaceOrientationPortrait UIInterfaceOrientationPortraitUpsideDown UIInterfaceOrientationLandscapeLeft UIInterfaceOrientationLandscapeRight";
				INFOPLIST_KEY_UISupportedInterfaceOrientations_iPhone = "UIInterfaceOrientationPortrait UIInterfaceOrientationLandscapeLeft UIInterfaceOrientationLandscapeRight";
				LD_RUNPATH_SEARCH_PATHS = (
					"$(inherited)",
					"@executable_path/Frameworks",
				);
				MARKETING_VERSION = 1.0;
				PRODUCT_BUNDLE_IDENTIFIER = com.sadid.WoltVenueFinder;
				PRODUCT_NAME = "$(TARGET_NAME)";
				STRING_CATALOG_GENERATE_SYMBOLS = YES;
				SWIFT_APPROACHABLE_CONCURRENCY = YES;
				SWIFT_DEFAULT_ACTOR_ISOLATION = MainActor;
				SWIFT_EMIT_LOC_STRINGS = YES;
				SWIFT_UPCOMING_FEATURE_MEMBER_IMPORT_VISIBILITY = YES;
				SWIFT_VERSION = 5.0;
				TARGETED_DEVICE_FAMILY = "1,2";
			};
			name = Release;
		};
		92D3C0302F3F7E1200B9E78D /* Debug */ = {
			isa = XCBuildConfiguration;
			buildSettings = {
				BUNDLE_LOADER = "$(TEST_HOST)";
				CODE_SIGN_STYLE = Automatic;
				CURRENT_PROJECT_VERSION = 1;
				DEVELOPMENT_TEAM = T3CB6D9Z7R;
				GENERATE_INFOPLIST_FILE = YES;
				IPHONEOS_DEPLOYMENT_TARGET = 26.2;
				MARKETING_VERSION = 1.0;
				PRODUCT_BUNDLE_IDENTIFIER = com.sadid.WoltVenueFinderTests;
				PRODUCT_NAME = "$(TARGET_NAME)";
				STRING_CATALOG_GENERATE_SYMBOLS = NO;
				SWIFT_APPROACHABLE_CONCURRENCY = YES;
				SWIFT_EMIT_LOC_STRINGS = NO;
				SWIFT_UPCOMING_FEATURE_MEMBER_IMPORT_VISIBILITY = YES;
				SWIFT_VERSION = 5.0;
				TARGETED_DEVICE_FAMILY = "1,2";
				TEST_HOST = "$(BUILT_PRODUCTS_DIR)/WoltVenueFinder.app/$(BUNDLE_EXECUTABLE_FOLDER_PATH)/WoltVenueFinder";
			};
			name = Debug;
		};
		92D3C0312F3F7E1200B9E78D /* Release */ = {
			isa = XCBuildConfiguration;
			buildSettings = {
				BUNDLE_LOADER = "$(TEST_HOST)";
				CODE_SIGN_STYLE = Automatic;
				CURRENT_PROJECT_VERSION = 1;
				DEVELOPMENT_TEAM = T3CB6D9Z7R;
				GENERATE_INFOPLIST_FILE = YES;
				IPHONEOS_DEPLOYMENT_TARGET = 26.2;
				MARKETING_VERSION = 1.0;
				PRODUCT_BUNDLE_IDENTIFIER = com.sadid.WoltVenueFinderTests;
				PRODUCT_NAME = "$(TARGET_NAME)";
				STRING_CATALOG_GENERATE_SYMBOLS = NO;
				SWIFT_APPROACHABLE_CONCURRENCY = YES;
				SWIFT_EMIT_LOC_STRINGS = NO;
				SWIFT_UPCOMING_FEATURE_MEMBER_IMPORT_VISIBILITY = YES;
				SWIFT_VERSION = 5.0;
				TARGETED_DEVICE_FAMILY = "1,2";
				TEST_HOST = "$(BUILT_PRODUCTS_DIR)/WoltVenueFinder.app/$(BUNDLE_EXECUTABLE_FOLDER_PATH)/WoltVenueFinder";
			};
			name = Release;
		};
		92D3C0332F3F7E1200B9E78D /* Debug */ = {
			isa = XCBuildConfiguration;
			buildSettings = {
				CODE_SIGN_STYLE = Automatic;
				CURRENT_PROJECT_VERSION = 1;
				DEVELOPMENT_TEAM = T3CB6D9Z7R;
				GENERATE_INFOPLIST_FILE = YES;
				MARKETING_VERSION = 1.0;
				PRODUCT_BUNDLE_IDENTIFIER = com.sadid.WoltVenueFinderUITests;
				PRODUCT_NAME = "$(TARGET_NAME)";
				STRING_CATALOG_GENERATE_SYMBOLS = NO;
				SWIFT_APPROACHABLE_CONCURRENCY = YES;
				SWIFT_EMIT_LOC_STRINGS = NO;
				SWIFT_UPCOMING_FEATURE_MEMBER_IMPORT_VISIBILITY = YES;
				SWIFT_VERSION = 5.0;
				TARGETED_DEVICE_FAMILY = "1,2";
				TEST_TARGET_NAME = WoltVenueFinder;
			};
			name = Debug;
		};
		92D3C0342F3F7E1200B9E78D /* Release */ = {
			isa = XCBuildConfiguration;
			buildSettings = {
				CODE_SIGN_STYLE = Automatic;
				CURRENT_PROJECT_VERSION = 1;
				DEVELOPMENT_TEAM = T3CB6D9Z7R;
				GENERATE_INFOPLIST_FILE = YES;
				MARKETING_VERSION = 1.0;
				PRODUCT_BUNDLE_IDENTIFIER = com.sadid.WoltVenueFinderUITests;
				PRODUCT_NAME = "$(TARGET_NAME)";
				STRING_CATALOG_GENERATE_SYMBOLS = NO;
				SWIFT_APPROACHABLE_CONCURRENCY = YES;
				SWIFT_EMIT_LOC_STRINGS = NO;
				SWIFT_UPCOMING_FEATURE_MEMBER_IMPORT_VISIBILITY = YES;
				SWIFT_VERSION = 5.0;
				TARGETED_DEVICE_FAMILY = "1,2";
				TEST_TARGET_NAME = WoltVenueFinder;
			};
			name = Release;
		};
/* End XCBuildConfiguration section */

/* Begin XCConfigurationList section */
		92D3C0062F3F7E0D00B9E78D /* Build configuration list for PBXProject "WoltVenueFinder" */ = {
			isa = XCConfigurationList;
			buildConfigurations = (
				92D3C02A2F3F7E1200B9E78D /* Debug */,
				92D3C02B2F3F7E1200B9E78D /* Release */,
			);
			defaultConfigurationIsVisible = 0;
			defaultConfigurationName = Release;
		};
		92D3C02C2F3F7E1200B9E78D /* Build configuration list for PBXNativeTarget "WoltVenueFinder" */ = {
			isa = XCConfigurationList;
			buildConfigurations = (
				92D3C02D2F3F7E1200B9E78D /* Debug */,
				92D3C02E2F3F7E1200B9E78D /* Release */,
			);
			defaultConfigurationIsVisible = 0;
			defaultConfigurationName = Release;
		};
		92D3C02F2F3F7E1200B9E78D /* Build configuration list for PBXNativeTarget "WoltVenueFinderTests" */ = {
			isa = XCConfigurationList;
			buildConfigurations = (
				92D3C0302F3F7E1200B9E78D /* Debug */,
				92D3C0312F3F7E1200B9E78D /* Release */,
			);
			defaultConfigurationIsVisible = 0;
			defaultConfigurationName = Release;
		};
		92D3C0322F3F7E1200B9E78D /* Build configuration list for PBXNativeTarget "WoltVenueFinderUITests" */ = {
			isa = XCConfigurationList;
			buildConfigurations = (
				92D3C0332F3F7E1200B9E78D /* Debug */,
				92D3C0342F3F7E1200B9E78D /* Release */,
			);
			defaultConfigurationIsVisible = 0;
			defaultConfigurationName = Release;
		};
/* End XCConfigurationList section */
	};
	rootObject = 92D3C0032F3F7E0D00B9E78D /* Project object */;
}
